
Microsoft Visual Studio Solution File, Format Version 12.00
# Visual Studio 15
VisualStudioVersion = 15.0.28307.421
MinimumVisualStudioVersion = 10.0.40219.1
Project("{888888A0-9F3D-457C-B088-3A5042F75D52}") = "corporate-vs", "corporate-vs.pyproj", "{7A21F0AF-5F2D-423F-BFD0-C7A1DE3A4A23}"
EndProject
Global
	GlobalSection(SolutionConfigurationPlatforms) = preSolution
		Debug|Any CPU = Debug|Any CPU
		Release|Any CPU = Release|Any CPU
	EndGlobalSection
	GlobalSection(ProjectConfigurationPlatforms) = postSolution
		{7A21F0AF-5F2D-423F-BFD0-C7A1DE3A4A23}.Debug|Any CPU.ActiveCfg = Debug|Any CPU
		{7A21F0AF-5F2D-423F-BFD0-C7A1DE3A4A23}.Release|Any CPU.ActiveCfg = Release|Any CPU
	EndGlobalSection
	GlobalSection(SolutionProperties) = preSolution
		HideSolutionNode = FALSE
	EndGlobalSection
	GlobalSection(ExtensibilityGlobals) = postSolution
		SolutionGuid = {E45B3FBA-56B9-4FB9-BAF2-B6ED5F9B17A0}
	EndGlobalSection
EndGlobal
